<?xml version="1.0" encoding="UTF-8"?>
<!DOCTYPE plist PUBLIC "-//Apple//DTD PLIST 1.0//EN" "http://www.apple.com/DTDs/PropertyList-1.0.dtd">
<plist version="1.0">
<dict>
	<key>archiveVersion</key>
	<string>1</string>
	<key>classes</key>
	<dict/>
	<key>objectVersion</key>
	<string>46</string>
	<key>objects</key>
	<dict>
		<key>009C9A9A0CEDE4EFF2F8E750</key>
		<dict>
			<key>children</key>
			<array>
				<string>A78399CEA75BF90D7B3A44DA</string>
				<string>148A6B4C194705A6C9CF5125</string>
			</array>
			<key>isa</key>
			<string>PBXGroup</string>
			<key>name</key>
			<string>Pods</string>
			<key>sourceTree</key>
			<string>&lt;group&gt;</string>
		</dict>
		<key>0672CA6B42BAB6B5AFB388AC</key>
		<dict>
			<key>buildActionMask</key>
			<string>2147483647</string>
			<key>files</key>
			<array/>
			<key>inputPaths</key>
			<array/>
			<key>isa</key>
			<string>PBXShellScriptBuildPhase</string>
			<key>name</key>
			<string>[CP] Copy Pods Resources</string>
			<key>outputPaths</key>
			<array/>
			<key>runOnlyForDeploymentPostprocessing</key>
			<string>0</string>
			<key>shellPath</key>
			<string>/bin/sh</string>
			<key>shellScript</key>
			<string>"${SRCROOT}/Pods/Target Support Files/Pods-SpinCall/Pods-SpinCall-resources.sh"
</string>
			<key>showEnvVarsInLog</key>
			<string>0</string>
		</dict>
		<key>148A6B4C194705A6C9CF5125</key>
		<dict>
			<key>includeInIndex</key>
			<string>1</string>
			<key>isa</key>
			<string>PBXFileReference</string>
			<key>lastKnownFileType</key>
			<string>text.xcconfig</string>
			<key>name</key>
			<string>Pods-SpinCall.release.xcconfig</string>
			<key>path</key>
			<string>Pods/Target Support Files/Pods-SpinCall/Pods-SpinCall.release.xcconfig</string>
			<key>sourceTree</key>
			<string>&lt;group&gt;</string>
		</dict>
		<key>16F610B288139BCBF9F3C6E5</key>
		<dict>
			<key>buildActionMask</key>
			<string>2147483647</string>
			<key>files</key>
			<array/>
			<key>inputPaths</key>
			<array/>
			<key>isa</key>
			<string>PBXShellScriptBuildPhase</string>
			<key>name</key>
			<string>[CP] Embed Pods Frameworks</string>
			<key>outputPaths</key>
			<array/>
			<key>runOnlyForDeploymentPostprocessing</key>
			<string>0</string>
			<key>shellPath</key>
			<string>/bin/sh</string>
			<key>shellScript</key>
			<string>"${SRCROOT}/Pods/Target Support Files/Pods-SpinCall/Pods-SpinCall-frameworks.sh"
</string>
			<key>showEnvVarsInLog</key>
			<string>0</string>
		</dict>
		<key>2A2C2DC58462BC39C18810A1</key>
		<dict>
			<key>buildActionMask</key>
			<string>2147483647</string>
			<key>files</key>
			<array/>
			<key>inputPaths</key>
			<array/>
			<key>isa</key>
			<string>PBXShellScriptBuildPhase</string>
			<key>name</key>
			<string>[CP] Check Pods Manifest.lock</string>
			<key>outputPaths</key>
			<array/>
			<key>runOnlyForDeploymentPostprocessing</key>
			<string>0</string>
			<key>shellPath</key>
			<string>/bin/sh</string>
			<key>shellScript</key>
			<string>diff "${PODS_ROOT}/../Podfile.lock" "${PODS_ROOT}/Manifest.lock" &gt; /dev/null
if [[ $? != 0 ]] ; then
    cat &lt;&lt; EOM
error: The sandbox is not in sync with the Podfile.lock. Run 'pod install' or update your CocoaPods installation.
EOM
    exit 1
fi
</string>
			<key>showEnvVarsInLog</key>
			<string>0</string>
		</dict>
		<key>62DD90190230CB808BC6A88D</key>
		<dict>
			<key>fileEncoding</key>
			<string>4</string>
			<key>isa</key>
			<string>PBXFileReference</string>
			<key>lastKnownFileType</key>
			<string>sourcecode.c.objc</string>
			<key>path</key>
			<string>SPCWhatsAppFacade.m</string>
			<key>sourceTree</key>
			<string>&lt;group&gt;</string>
		</dict>
		<key>62DD9071A27ED46379AA4EF5</key>
		<dict>
			<key>children</key>
			<array>
				<string>62DD97DE2EA51E008DB1227A</string>
				<string>62DD9D86EC3B436ECB651808</string>
				<string>62DD9232F2E83CD0FA81F9D7</string>
			</array>
			<key>isa</key>
			<string>PBXGroup</string>
			<key>path</key>
			<string>Spinner</string>
			<key>sourceTree</key>
			<string>&lt;group&gt;</string>
		</dict>
		<key>62DD91A3336C7AE27E027FD6</key>
		<dict>
			<key>fileEncoding</key>
			<string>4</string>
			<key>isa</key>
			<string>PBXFileReference</string>
			<key>lastKnownFileType</key>
			<string>sourcecode.c.h</string>
			<key>path</key>
			<string>SPCWhatsAppFacade.h</string>
			<key>sourceTree</key>
			<string>&lt;group&gt;</string>
		</dict>
		<key>62DD91C9F83BF8DC5B06673B</key>
		<dict>
			<key>fileEncoding</key>
			<string>4</string>
			<key>isa</key>
			<string>PBXFileReference</string>
			<key>lastKnownFileType</key>
			<string>sourcecode.c.objc</string>
			<key>path</key>
			<string>SPCAvatarImageView.m</string>
			<key>sourceTree</key>
			<string>&lt;group&gt;</string>
		</dict>
		<key>62DD91D670280EC93E3892DA</key>
		<dict>
			<key>fileEncoding</key>
			<string>4</string>
			<key>isa</key>
			<string>PBXFileReference</string>
			<key>lastKnownFileType</key>
			<string>sourcecode.c.objc</string>
			<key>path</key>
			<string>SPCAddressBookFacadeContact.m</string>
			<key>sourceTree</key>
			<string>&lt;group&gt;</string>
		</dict>
		<key>62DD9232F2E83CD0FA81F9D7</key>
		<dict>
			<key>children</key>
			<array>
				<string>62DD9A0C0D92BC5626099685</string>
				<string>62DD9886C63836C5AAB3AAAE</string>
				<string>62DD9FA9CF75C00E54A78684</string>
				<string>62DD91C9F83BF8DC5B06673B</string>
			</array>
			<key>isa</key>
			<string>PBXGroup</string>
			<key>path</key>
			<string>Views</string>
			<key>sourceTree</key>
			<string>&lt;group&gt;</string>
		</dict>
		<key>62DD9375EC6EB9ADBE8DD1EC</key>
		<dict>
			<key>fileRef</key>
			<string>62DD97DE2EA51E008DB1227A</string>
			<key>isa</key>
			<string>PBXBuildFile</string>
		</dict>
		<key>62DD9379723A3F7BC41746FD</key>
		<dict>
			<key>fileRef</key>
			<string>62DD95A5849B5C9C88D0BDD4</string>
			<key>isa</key>
			<string>PBXBuildFile</string>
		</dict>
		<key>62DD93ABD2EDDB5AB142A1AE</key>
		<dict>
			<key>fileEncoding</key>
			<string>4</string>
			<key>isa</key>
			<string>PBXFileReference</string>
			<key>lastKnownFileType</key>
			<string>sourcecode.c.h</string>
			<key>path</key>
			<string>UIView+Shortcuts.h</string>
			<key>sourceTree</key>
			<string>&lt;group&gt;</string>
		</dict>
		<key>62DD940DFFD64BC9DEDC7CD0</key>
		<dict>
			<key>fileRef</key>
			<string>62DD91D670280EC93E3892DA</string>
			<key>isa</key>
			<string>PBXBuildFile</string>
		</dict>
		<key>62DD9427BF09126E5C8AF007</key>
		<dict>
			<key>fileEncoding</key>
			<string>4</string>
			<key>isa</key>
			<string>PBXFileReference</string>
			<key>lastKnownFileType</key>
			<string>sourcecode.c.objc</string>
			<key>path</key>
			<string>SPCAddressBookFacade.m</string>
			<key>sourceTree</key>
			<string>&lt;group&gt;</string>
		</dict>
		<key>62DD94333B0DFFE67754CC8E</key>
		<dict>
			<key>fileEncoding</key>
			<string>4</string>
			<key>isa</key>
			<string>PBXFileReference</string>
			<key>lastKnownFileType</key>
			<string>sourcecode.c.h</string>
			<key>path</key>
			<string>SPCAddressBookFacadeContact.h</string>
			<key>sourceTree</key>
			<string>&lt;group&gt;</string>
		</dict>
		<key>62DD94460CC181D99FB88C0C</key>
		<dict>
			<key>children</key>
			<array>
				<string>62DD9A76A78D49E60AA309FD</string>
				<string>62DD93ABD2EDDB5AB142A1AE</string>
			</array>
			<key>isa</key>
			<string>PBXGroup</string>
			<key>path</key>
			<string>Categories</string>
			<key>sourceTree</key>
			<string>&lt;group&gt;</string>
		</dict>
		<key>62DD952F2815B7BCFF043F4B</key>
		<dict>
			<key>children</key>
			<array>
				<string>62DD992B0A35142ECBC2F1B1</string>
				<string>62DD9427BF09126E5C8AF007</string>
				<string>62DD94333B0DFFE67754CC8E</string>
				<string>62DD91D670280EC93E3892DA</string>
			</array>
			<key>isa</key>
			<string>PBXGroup</string>
			<key>path</key>
			<string>AddressBook</string>
			<key>sourceTree</key>
			<string>&lt;group&gt;</string>
		</dict>
		<key>62DD95300D3AC4A3BD914122</key>
		<dict>
			<key>fileRef</key>
			<string>62DD99ED1579CB0CF14F555E</string>
			<key>isa</key>
			<string>PBXBuildFile</string>
		</dict>
		<key>62DD95A5849B5C9C88D0BDD4</key>
		<dict>
			<key>fileEncoding</key>
			<string>4</string>
			<key>isa</key>
			<string>PBXFileReference</string>
			<key>lastKnownFileType</key>
			<string>text.plist</string>
			<key>path</key>
			<string>Messages.plist</string>
			<key>sourceTree</key>
			<string>&lt;group&gt;</string>
		</dict>
		<key>62DD9616926F80331DC1F67C</key>
		<dict>
			<key>fileRef</key>
			<string>62DD99B4E431D4A9148F643E</string>
			<key>isa</key>
			<string>PBXBuildFile</string>
		</dict>
		<key>62DD96661DB44707A2F4355B</key>
		<dict>
			<key>fileRef</key>
			<string>62DD97C5866CFB6B162D77DF</string>
			<key>isa</key>
			<string>PBXBuildFile</string>
		</dict>
		<key>62DD97545571056DC975AA32</key>
		<dict>
			<key>children</key>
			<array>
				<string>62DD90190230CB808BC6A88D</string>
				<string>62DD91A3336C7AE27E027FD6</string>
				<string>62DD95A5849B5C9C88D0BDD4</string>
			</array>
			<key>isa</key>
			<string>PBXGroup</string>
			<key>path</key>
			<string>WhatsApp</string>
			<key>sourceTree</key>
			<string>&lt;group&gt;</string>
		</dict>
		<key>62DD97B949A84E109B6F6E94</key>
		<dict>
			<key>fileRef</key>
			<string>62DD9A76A78D49E60AA309FD</string>
			<key>isa</key>
			<string>PBXBuildFile</string>
		</dict>
		<key>62DD97C5866CFB6B162D77DF</key>
		<dict>
			<key>isa</key>
			<string>PBXFileReference</string>
			<key>lastKnownFileType</key>
			<string>folder.assetcatalog</string>
			<key>path</key>
			<string>Images.xcassets</string>
			<key>sourceTree</key>
			<string>&lt;group&gt;</string>
		</dict>
		<key>62DD97DE2EA51E008DB1227A</key>
		<dict>
			<key>fileEncoding</key>
			<string>4</string>
			<key>isa</key>
			<string>PBXFileReference</string>
			<key>lastKnownFileType</key>
			<string>sourcecode.c.objc</string>
			<key>path</key>
			<string>SPCSpinnerViewController.m</string>
			<key>sourceTree</key>
			<string>&lt;group&gt;</string>
		</dict>
		<key>62DD9886C63836C5AAB3AAAE</key>
		<dict>
			<key>fileEncoding</key>
			<string>4</string>
			<key>isa</key>
			<string>PBXFileReference</string>
			<key>lastKnownFileType</key>
			<string>sourcecode.c.h</string>
			<key>path</key>
			<string>SPCAvatarImageView.h</string>
			<key>sourceTree</key>
			<string>&lt;group&gt;</string>
		</dict>
		<key>62DD992B0A35142ECBC2F1B1</key>
		<dict>
			<key>fileEncoding</key>
			<string>4</string>
			<key>isa</key>
			<string>PBXFileReference</string>
			<key>lastKnownFileType</key>
			<string>sourcecode.c.h</string>
			<key>path</key>
			<string>SPCAddressBookFacade.h</string>
			<key>sourceTree</key>
			<string>&lt;group&gt;</string>
		</dict>
		<key>62DD99B4E431D4A9148F643E</key>
		<dict>
			<key>fileEncoding</key>
			<string>4</string>
			<key>isa</key>
			<string>PBXFileReference</string>
			<key>lastKnownFileType</key>
			<string>sourcecode.c.objc</string>
			<key>path</key>
			<string>SPCLog.m</string>
			<key>sourceTree</key>
			<string>&lt;group&gt;</string>
		</dict>
		<key>62DD99CEDBCE558E03D569E6</key>
		<dict>
			<key>fileRef</key>
			<string>62DD9427BF09126E5C8AF007</string>
			<key>isa</key>
			<string>PBXBuildFile</string>
		</dict>
		<key>62DD99ED1579CB0CF14F555E</key>
		<dict>
			<key>fileEncoding</key>
			<string>4</string>
			<key>isa</key>
			<string>PBXFileReference</string>
			<key>lastKnownFileType</key>
			<string>text.plist.strings</string>
			<key>name</key>
			<string>Localizable.strings</string>
			<key>path</key>
			<string>Spinner/Localizable.strings</string>
			<key>sourceTree</key>
			<string>&lt;group&gt;</string>
		</dict>
		<key>62DD9A0C0D92BC5626099685</key>
		<dict>
			<key>fileEncoding</key>
			<string>4</string>
			<key>isa</key>
			<string>PBXFileReference</string>
			<key>lastKnownFileType</key>
			<string>sourcecode.c.objc</string>
			<key>path</key>
			<string>SPCContactView.m</string>
			<key>sourceTree</key>
			<string>&lt;group&gt;</string>
		</dict>
		<key>62DD9A76A78D49E60AA309FD</key>
		<dict>
			<key>fileEncoding</key>
			<string>4</string>
			<key>isa</key>
			<string>PBXFileReference</string>
			<key>lastKnownFileType</key>
			<string>sourcecode.c.objc</string>
			<key>path</key>
			<string>UIView+Shortcuts.m</string>
			<key>sourceTree</key>
			<string>&lt;group&gt;</string>
		</dict>
		<key>62DD9AAEB25B63271238432F</key>
		<dict>
			<key>children</key>
			<array>
				<string>62DD99B4E431D4A9148F643E</string>
				<string>62DD9E9192EB0A83149C759E</string>
			</array>
			<key>isa</key>
			<string>PBXGroup</string>
			<key>path</key>
			<string>Logger</string>
			<key>sourceTree</key>
			<string>&lt;group&gt;</string>
		</dict>
		<key>62DD9C9DADCEEFB6A30AB496</key>
		<dict>
			<key>fileRef</key>
			<string>62DD91C9F83BF8DC5B06673B</string>
			<key>isa</key>
			<string>PBXBuildFile</string>
		</dict>
		<key>62DD9D86EC3B436ECB651808</key>
		<dict>
			<key>fileEncoding</key>
			<string>4</string>
			<key>isa</key>
			<string>PBXFileReference</string>
			<key>lastKnownFileType</key>
			<string>sourcecode.c.h</string>
			<key>path</key>
			<string>SPCSpinnerViewController.h</string>
			<key>sourceTree</key>
			<string>&lt;group&gt;</string>
		</dict>
		<key>62DD9E8B893F88B1710CA14E</key>
		<dict>
			<key>fileRef</key>
			<string>62DD90190230CB808BC6A88D</string>
			<key>isa</key>
			<string>PBXBuildFile</string>
		</dict>
		<key>62DD9E9192EB0A83149C759E</key>
		<dict>
			<key>fileEncoding</key>
			<string>4</string>
			<key>isa</key>
			<string>PBXFileReference</string>
			<key>lastKnownFileType</key>
			<string>sourcecode.c.h</string>
			<key>path</key>
			<string>SPCLog.h</string>
			<key>sourceTree</key>
			<string>&lt;group&gt;</string>
		</dict>
		<key>62DD9F77828FA22BD90108FD</key>
		<dict>
			<key>fileRef</key>
			<string>62DD9A0C0D92BC5626099685</string>
			<key>isa</key>
			<string>PBXBuildFile</string>
		</dict>
		<key>62DD9FA9CF75C00E54A78684</key>
		<dict>
			<key>fileEncoding</key>
			<string>4</string>
			<key>isa</key>
			<string>PBXFileReference</string>
			<key>lastKnownFileType</key>
			<string>sourcecode.c.h</string>
			<key>path</key>
			<string>SPCContactView.h</string>
			<key>sourceTree</key>
			<string>&lt;group&gt;</string>
		</dict>
		<key>6840A93274F39EF401BF93CB</key>
		<dict>
			<key>fileRef</key>
			<string>93117F99002947113BA85FC9</string>
			<key>isa</key>
			<string>PBXBuildFile</string>
		</dict>
		<key>902AB0921BAF45A900D35795</key>
		<dict>
			<key>isa</key>
			<string>PBXFileReference</string>
			<key>lastKnownFileType</key>
			<string>wrapper.framework</string>
			<key>name</key>
			<string>AddressBook.framework</string>
			<key>path</key>
			<string>System/Library/Frameworks/AddressBook.framework</string>
			<key>sourceTree</key>
			<string>SDKROOT</string>
		</dict>
		<key>902AB0931BAF45A900D35795</key>
		<dict>
			<key>fileRef</key>
			<string>902AB0921BAF45A900D35795</string>
			<key>isa</key>
			<string>PBXBuildFile</string>
		</dict>
		<key>902AB0941BAF45AF00D35795</key>
		<dict>
			<key>isa</key>
			<string>PBXFileReference</string>
			<key>lastKnownFileType</key>
			<string>wrapper.framework</string>
			<key>name</key>
			<string>AddressBookUI.framework</string>
			<key>path</key>
			<string>System/Library/Frameworks/AddressBookUI.framework</string>
			<key>sourceTree</key>
			<string>SDKROOT</string>
		</dict>
		<key>902AB0951BAF45AF00D35795</key>
		<dict>
			<key>fileRef</key>
			<string>902AB0941BAF45AF00D35795</string>
			<key>isa</key>
			<string>PBXBuildFile</string>
		</dict>
		<key>902AB0961BAF45BC00D35795</key>
		<dict>
			<key>isa</key>
			<string>PBXFileReference</string>
			<key>lastKnownFileType</key>
			<string>wrapper.framework</string>
			<key>name</key>
			<string>Foundation.framework</string>
			<key>path</key>
			<string>System/Library/Frameworks/Foundation.framework</string>
			<key>sourceTree</key>
			<string>SDKROOT</string>
		</dict>
		<key>902AB0971BAF45BC00D35795</key>
		<dict>
			<key>fileRef</key>
			<string>902AB0961BAF45BC00D35795</string>
			<key>isa</key>
			<string>PBXBuildFile</string>
		</dict>
		<key>902AB0981BAF45C100D35795</key>
		<dict>
			<key>isa</key>
			<string>PBXFileReference</string>
			<key>lastKnownFileType</key>
			<string>wrapper.framework</string>
			<key>name</key>
			<string>UIKit.framework</string>
			<key>path</key>
			<string>System/Library/Frameworks/UIKit.framework</string>
			<key>sourceTree</key>
			<string>SDKROOT</string>
		</dict>
		<key>902AB0991BAF45C100D35795</key>
		<dict>
			<key>fileRef</key>
			<string>902AB0981BAF45C100D35795</string>
			<key>isa</key>
			<string>PBXBuildFile</string>
		</dict>
		<key>90FC838F1BA387040036B15D</key>
		<dict>
			<key>children</key>
			<array>
				<string>90FC839A1BA387040036B15D</string>
				<string>90FC83B41BA387040036B15D</string>
				<string>90FC83991BA387040036B15D</string>
				<string>FCC7F98ED1298F4BFD6A0286</string>
				<string>009C9A9A0CEDE4EFF2F8E750</string>
			</array>
			<key>isa</key>
			<string>PBXGroup</string>
			<key>sourceTree</key>
			<string>&lt;group&gt;</string>
		</dict>
		<key>90FC83901BA387040036B15D</key>
		<dict>
			<key>attributes</key>
			<dict>
				<key>LastUpgradeCheck</key>
				<string>0640</string>
				<key>ORGANIZATIONNAME</key>
				<string>Matan Lachmish</string>
				<key>TargetAttributes</key>
				<dict>
					<key>90FC83971BA387040036B15D</key>
					<dict>
						<key>CreatedOnToolsVersion</key>
						<string>6.4</string>
						<key>DevelopmentTeam</key>
						<string>GB34WCGQZD</string>
					</dict>
					<key>90FC83B01BA387040036B15D</key>
					<dict>
						<key>CreatedOnToolsVersion</key>
						<string>6.4</string>
						<key>TestTargetID</key>
						<string>90FC83971BA387040036B15D</string>
					</dict>
				</dict>
			</dict>
			<key>buildConfigurationList</key>
			<string>90FC83931BA387040036B15D</string>
			<key>compatibilityVersion</key>
			<string>Xcode 3.2</string>
			<key>developmentRegion</key>
			<string>English</string>
			<key>hasScannedForEncodings</key>
			<string>0</string>
			<key>isa</key>
			<string>PBXProject</string>
			<key>knownRegions</key>
			<array>
				<string>en</string>
				<string>Base</string>
			</array>
			<key>mainGroup</key>
			<string>90FC838F1BA387040036B15D</string>
			<key>productRefGroup</key>
			<string>90FC83991BA387040036B15D</string>
			<key>projectDirPath</key>
			<string></string>
			<key>projectReferences</key>
			<array/>
			<key>projectRoot</key>
			<string></string>
			<key>targets</key>
			<array>
				<string>90FC83971BA387040036B15D</string>
				<string>90FC83B01BA387040036B15D</string>
			</array>
		</dict>
		<key>90FC83931BA387040036B15D</key>
		<dict>
			<key>buildConfigurations</key>
			<array>
				<string>90FC83B91BA387040036B15D</string>
				<string>90FC83BA1BA387040036B15D</string>
			</array>
			<key>defaultConfigurationIsVisible</key>
			<string>0</string>
			<key>defaultConfigurationName</key>
			<string>Release</string>
			<key>isa</key>
			<string>XCConfigurationList</string>
		</dict>
		<key>90FC83941BA387040036B15D</key>
		<dict>
			<key>buildActionMask</key>
			<string>2147483647</string>
			<key>files</key>
			<array>
				<string>90FC83A11BA387040036B15D</string>
				<string>90FC839E1BA387040036B15D</string>
				<string>62DD99CEDBCE558E03D569E6</string>
				<string>62DD940DFFD64BC9DEDC7CD0</string>
				<string>62DD9375EC6EB9ADBE8DD1EC</string>
				<string>62DD97B949A84E109B6F6E94</string>
				<string>62DD9F77828FA22BD90108FD</string>
				<string>62DD9C9DADCEEFB6A30AB496</string>
				<string>62DD9E8B893F88B1710CA14E</string>
				<string>62DD9616926F80331DC1F67C</string>
			</array>
			<key>isa</key>
			<string>PBXSourcesBuildPhase</string>
			<key>runOnlyForDeploymentPostprocessing</key>
			<string>0</string>
		</dict>
		<key>90FC83951BA387040036B15D</key>
		<dict>
			<key>buildActionMask</key>
			<string>2147483647</string>
			<key>files</key>
			<array>
				<string>902AB0991BAF45C100D35795</string>
				<string>902AB0971BAF45BC00D35795</string>
				<string>902AB0951BAF45AF00D35795</string>
				<string>902AB0931BAF45A900D35795</string>
				<string>6840A93274F39EF401BF93CB</string>
			</array>
			<key>isa</key>
			<string>PBXFrameworksBuildPhase</string>
			<key>runOnlyForDeploymentPostprocessing</key>
			<string>0</string>
		</dict>
		<key>90FC83961BA387040036B15D</key>
		<dict>
			<key>buildActionMask</key>
			<string>2147483647</string>
			<key>files</key>
			<array>
				<string>62DD96661DB44707A2F4355B</string>
				<string>62DD95300D3AC4A3BD914122</string>
				<string>62DD9379723A3F7BC41746FD</string>
			</array>
			<key>isa</key>
			<string>PBXResourcesBuildPhase</string>
			<key>runOnlyForDeploymentPostprocessing</key>
			<string>0</string>
		</dict>
		<key>90FC83971BA387040036B15D</key>
		<dict>
			<key>buildConfigurationList</key>
			<string>90FC83BB1BA387040036B15D</string>
			<key>buildPhases</key>
			<array>
				<string>2A2C2DC58462BC39C18810A1</string>
				<string>90FC83941BA387040036B15D</string>
				<string>90FC83951BA387040036B15D</string>
				<string>90FC83961BA387040036B15D</string>
				<string>16F610B288139BCBF9F3C6E5</string>
				<string>0672CA6B42BAB6B5AFB388AC</string>
			</array>
			<key>buildRules</key>
			<array/>
			<key>dependencies</key>
			<array/>
			<key>isa</key>
			<string>PBXNativeTarget</string>
			<key>name</key>
			<string>SpinCall</string>
			<key>productName</key>
			<string>SpinCall</string>
			<key>productReference</key>
			<string>90FC83981BA387040036B15D</string>
			<key>productType</key>
			<string>com.apple.product-type.application</string>
		</dict>
		<key>90FC83981BA387040036B15D</key>
		<dict>
			<key>explicitFileType</key>
			<string>wrapper.application</string>
			<key>includeInIndex</key>
			<string>0</string>
			<key>isa</key>
			<string>PBXFileReference</string>
			<key>path</key>
			<string>SpinCall.app</string>
			<key>sourceTree</key>
			<string>BUILT_PRODUCTS_DIR</string>
		</dict>
		<key>90FC83991BA387040036B15D</key>
		<dict>
			<key>children</key>
			<array>
				<string>90FC83981BA387040036B15D</string>
				<string>90FC83B11BA387040036B15D</string>
			</array>
			<key>isa</key>
			<string>PBXGroup</string>
			<key>name</key>
			<string>Products</string>
			<key>sourceTree</key>
			<string>&lt;group&gt;</string>
		</dict>
		<key>90FC839A1BA387040036B15D</key>
		<dict>
			<key>children</key>
			<array>
				<string>90FC839F1BA387040036B15D</string>
				<string>90FC83A01BA387040036B15D</string>
				<string>90FC839B1BA387040036B15D</string>
				<string>62DD952F2815B7BCFF043F4B</string>
				<string>62DD9071A27ED46379AA4EF5</string>
				<string>62DD94460CC181D99FB88C0C</string>
				<string>62DD97545571056DC975AA32</string>
				<string>62DD9AAEB25B63271238432F</string>
			</array>
			<key>isa</key>
			<string>PBXGroup</string>
			<key>path</key>
			<string>SpinCall</string>
			<key>sourceTree</key>
			<string>&lt;group&gt;</string>
		</dict>
		<key>90FC839B1BA387040036B15D</key>
		<dict>
			<key>children</key>
			<array>
				<string>90FC839C1BA387040036B15D</string>
				<string>90FC839D1BA387040036B15D</string>
				<string>62DD97C5866CFB6B162D77DF</string>
				<string>62DD99ED1579CB0CF14F555E</string>
			</array>
			<key>isa</key>
			<string>PBXGroup</string>
			<key>name</key>
			<string>Supporting Files</string>
			<key>sourceTree</key>
			<string>&lt;group&gt;</string>
		</dict>
		<key>90FC839C1BA387040036B15D</key>
		<dict>
			<key>isa</key>
			<string>PBXFileReference</string>
			<key>lastKnownFileType</key>
			<string>text.plist.xml</string>
			<key>path</key>
			<string>Info.plist</string>
			<key>sourceTree</key>
			<string>&lt;group&gt;</string>
		</dict>
		<key>90FC839D1BA387040036B15D</key>
		<dict>
			<key>isa</key>
			<string>PBXFileReference</string>
			<key>lastKnownFileType</key>
			<string>sourcecode.c.objc</string>
			<key>path</key>
			<string>main.m</string>
			<key>sourceTree</key>
			<string>&lt;group&gt;</string>
		</dict>
		<key>90FC839E1BA387040036B15D</key>
		<dict>
			<key>fileRef</key>
			<string>90FC839D1BA387040036B15D</string>
			<key>isa</key>
			<string>PBXBuildFile</string>
		</dict>
		<key>90FC839F1BA387040036B15D</key>
		<dict>
			<key>isa</key>
			<string>PBXFileReference</string>
			<key>lastKnownFileType</key>
			<string>sourcecode.c.h</string>
			<key>path</key>
			<string>SPCAppDelegate.h</string>
			<key>sourceTree</key>
			<string>&lt;group&gt;</string>
		</dict>
		<key>90FC83A01BA387040036B15D</key>
		<dict>
			<key>isa</key>
			<string>PBXFileReference</string>
			<key>lastKnownFileType</key>
			<string>sourcecode.c.objc</string>
			<key>path</key>
			<string>SPCAppDelegate.m</string>
			<key>sourceTree</key>
			<string>&lt;group&gt;</string>
		</dict>
		<key>90FC83A11BA387040036B15D</key>
		<dict>
			<key>fileRef</key>
			<string>90FC83A01BA387040036B15D</string>
			<key>isa</key>
			<string>PBXBuildFile</string>
		</dict>
		<key>90FC83AD1BA387040036B15D</key>
		<dict>
			<key>buildActionMask</key>
			<string>2147483647</string>
			<key>files</key>
			<array>
				<string>90FC83B81BA387040036B15D</string>
			</array>
			<key>isa</key>
			<string>PBXSourcesBuildPhase</string>
			<key>runOnlyForDeploymentPostprocessing</key>
			<string>0</string>
		</dict>
		<key>90FC83AE1BA387040036B15D</key>
		<dict>
			<key>buildActionMask</key>
			<string>2147483647</string>
			<key>files</key>
			<array/>
			<key>isa</key>
			<string>PBXFrameworksBuildPhase</string>
			<key>runOnlyForDeploymentPostprocessing</key>
			<string>0</string>
		</dict>
		<key>90FC83AF1BA387040036B15D</key>
		<dict>
			<key>buildActionMask</key>
			<string>2147483647</string>
			<key>files</key>
			<array/>
			<key>isa</key>
			<string>PBXResourcesBuildPhase</string>
			<key>runOnlyForDeploymentPostprocessing</key>
			<string>0</string>
		</dict>
		<key>90FC83B01BA387040036B15D</key>
		<dict>
			<key>buildConfigurationList</key>
			<string>90FC83BE1BA387040036B15D</string>
			<key>buildPhases</key>
			<array>
				<string>90FC83AD1BA387040036B15D</string>
				<string>90FC83AE1BA387040036B15D</string>
				<string>90FC83AF1BA387040036B15D</string>
			</array>
			<key>buildRules</key>
			<array/>
			<key>dependencies</key>
			<array>
				<string>90FC83B31BA387040036B15D</string>
			</array>
			<key>isa</key>
			<string>PBXNativeTarget</string>
			<key>name</key>
			<string>SpinCallTests</string>
			<key>productName</key>
			<string>SpinCallTests</string>
			<key>productReference</key>
			<string>90FC83B11BA387040036B15D</string>
			<key>productType</key>
			<string>com.apple.product-type.bundle.unit-test</string>
		</dict>
		<key>90FC83B11BA387040036B15D</key>
		<dict>
			<key>explicitFileType</key>
			<string>wrapper.cfbundle</string>
			<key>includeInIndex</key>
			<string>0</string>
			<key>isa</key>
			<string>PBXFileReference</string>
			<key>path</key>
			<string>SpinCallTests.xctest</string>
			<key>sourceTree</key>
			<string>BUILT_PRODUCTS_DIR</string>
		</dict>
		<key>90FC83B21BA387040036B15D</key>
		<dict>
			<key>containerPortal</key>
			<string>90FC83901BA387040036B15D</string>
			<key>isa</key>
			<string>PBXContainerItemProxy</string>
			<key>proxyType</key>
			<string>1</string>
			<key>remoteGlobalIDString</key>
			<string>90FC83971BA387040036B15D</string>
			<key>remoteInfo</key>
			<string>SpinCall</string>
		</dict>
		<key>90FC83B31BA387040036B15D</key>
		<dict>
			<key>isa</key>
			<string>PBXTargetDependency</string>
			<key>target</key>
			<string>90FC83971BA387040036B15D</string>
			<key>targetProxy</key>
			<string>90FC83B21BA387040036B15D</string>
		</dict>
		<key>90FC83B41BA387040036B15D</key>
		<dict>
			<key>children</key>
			<array>
				<string>90FC83B71BA387040036B15D</string>
				<string>90FC83B51BA387040036B15D</string>
			</array>
			<key>isa</key>
			<string>PBXGroup</string>
			<key>path</key>
			<string>SpinCallTests</string>
			<key>sourceTree</key>
			<string>&lt;group&gt;</string>
		</dict>
		<key>90FC83B51BA387040036B15D</key>
		<dict>
			<key>children</key>
			<array>
				<string>90FC83B61BA387040036B15D</string>
			</array>
			<key>isa</key>
			<string>PBXGroup</string>
			<key>name</key>
			<string>Supporting Files</string>
			<key>sourceTree</key>
			<string>&lt;group&gt;</string>
		</dict>
		<key>90FC83B61BA387040036B15D</key>
		<dict>
			<key>isa</key>
			<string>PBXFileReference</string>
			<key>lastKnownFileType</key>
			<string>text.plist.xml</string>
			<key>path</key>
			<string>Info.plist</string>
			<key>sourceTree</key>
			<string>&lt;group&gt;</string>
		</dict>
		<key>90FC83B71BA387040036B15D</key>
		<dict>
			<key>isa</key>
			<string>PBXFileReference</string>
			<key>lastKnownFileType</key>
			<string>sourcecode.c.objc</string>
			<key>path</key>
			<string>SpinCallTests.m</string>
			<key>sourceTree</key>
			<string>&lt;group&gt;</string>
		</dict>
		<key>90FC83B81BA387040036B15D</key>
		<dict>
			<key>fileRef</key>
			<string>90FC83B71BA387040036B15D</string>
			<key>isa</key>
			<string>PBXBuildFile</string>
		</dict>
		<key>90FC83B91BA387040036B15D</key>
		<dict>
			<key>buildSettings</key>
			<dict>
				<key>ALWAYS_SEARCH_USER_PATHS</key>
				<string>NO</string>
				<key>CLANG_CXX_LANGUAGE_STANDARD</key>
				<string>gnu++0x</string>
				<key>CLANG_CXX_LIBRARY</key>
				<string>libc++</string>
				<key>CLANG_ENABLE_MODULES</key>
				<string>YES</string>
				<key>CLANG_ENABLE_OBJC_ARC</key>
				<string>YES</string>
				<key>CLANG_WARN_BOOL_CONVERSION</key>
				<string>YES</string>
				<key>CLANG_WARN_CONSTANT_CONVERSION</key>
				<string>YES</string>
				<key>CLANG_WARN_DIRECT_OBJC_ISA_USAGE</key>
				<string>YES_ERROR</string>
				<key>CLANG_WARN_EMPTY_BODY</key>
				<string>YES</string>
				<key>CLANG_WARN_ENUM_CONVERSION</key>
				<string>YES</string>
				<key>CLANG_WARN_INT_CONVERSION</key>
				<string>YES</string>
				<key>CLANG_WARN_OBJC_ROOT_CLASS</key>
				<string>YES_ERROR</string>
				<key>CLANG_WARN_UNREACHABLE_CODE</key>
				<string>YES</string>
				<key>CLANG_WARN__DUPLICATE_METHOD_MATCH</key>
				<string>YES</string>
				<key>CODE_SIGN_IDENTITY[sdk=iphoneos*]</key>
				<string>iPhone Developer</string>
				<key>COPY_PHASE_STRIP</key>
				<string>NO</string>
				<key>DEBUG_INFORMATION_FORMAT</key>
				<string>dwarf-with-dsym</string>
				<key>ENABLE_STRICT_OBJC_MSGSEND</key>
				<string>YES</string>
				<key>GCC_C_LANGUAGE_STANDARD</key>
				<string>gnu99</string>
				<key>GCC_DYNAMIC_NO_PIC</key>
				<string>NO</string>
				<key>GCC_NO_COMMON_BLOCKS</key>
				<string>YES</string>
				<key>GCC_OPTIMIZATION_LEVEL</key>
				<string>0</string>
				<key>GCC_PREPROCESSOR_DEFINITIONS</key>
				<array>
					<string>DEBUG=1</string>
					<string>$(inherited)</string>
				</array>
				<key>GCC_SYMBOLS_PRIVATE_EXTERN</key>
				<string>NO</string>
				<key>GCC_WARN_64_TO_32_BIT_CONVERSION</key>
				<string>YES</string>
				<key>GCC_WARN_ABOUT_RETURN_TYPE</key>
				<string>YES_ERROR</string>
				<key>GCC_WARN_UNDECLARED_SELECTOR</key>
				<string>YES</string>
				<key>GCC_WARN_UNINITIALIZED_AUTOS</key>
				<string>YES_AGGRESSIVE</string>
				<key>GCC_WARN_UNUSED_FUNCTION</key>
				<string>YES</string>
				<key>GCC_WARN_UNUSED_VARIABLE</key>
				<string>YES</string>
				<key>IPHONEOS_DEPLOYMENT_TARGET</key>
				<string>8.4</string>
				<key>MTL_ENABLE_DEBUG_INFO</key>
				<string>YES</string>
				<key>ONLY_ACTIVE_ARCH</key>
				<string>YES</string>
				<key>SDKROOT</key>
				<string>iphoneos</string>
			</dict>
			<key>isa</key>
			<string>XCBuildConfiguration</string>
			<key>name</key>
			<string>Debug</string>
		</dict>
		<key>90FC83BA1BA387040036B15D</key>
		<dict>
			<key>buildSettings</key>
			<dict>
				<key>ALWAYS_SEARCH_USER_PATHS</key>
				<string>NO</string>
				<key>CLANG_CXX_LANGUAGE_STANDARD</key>
				<string>gnu++0x</string>
				<key>CLANG_CXX_LIBRARY</key>
				<string>libc++</string>
				<key>CLANG_ENABLE_MODULES</key>
				<string>YES</string>
				<key>CLANG_ENABLE_OBJC_ARC</key>
				<string>YES</string>
				<key>CLANG_WARN_BOOL_CONVERSION</key>
				<string>YES</string>
				<key>CLANG_WARN_CONSTANT_CONVERSION</key>
				<string>YES</string>
				<key>CLANG_WARN_DIRECT_OBJC_ISA_USAGE</key>
				<string>YES_ERROR</string>
				<key>CLANG_WARN_EMPTY_BODY</key>
				<string>YES</string>
				<key>CLANG_WARN_ENUM_CONVERSION</key>
				<string>YES</string>
				<key>CLANG_WARN_INT_CONVERSION</key>
				<string>YES</string>
				<key>CLANG_WARN_OBJC_ROOT_CLASS</key>
				<string>YES_ERROR</string>
				<key>CLANG_WARN_UNREACHABLE_CODE</key>
				<string>YES</string>
				<key>CLANG_WARN__DUPLICATE_METHOD_MATCH</key>
				<string>YES</string>
				<key>CODE_SIGN_IDENTITY[sdk=iphoneos*]</key>
				<string>iPhone Developer</string>
				<key>COPY_PHASE_STRIP</key>
				<string>NO</string>
				<key>DEBUG_INFORMATION_FORMAT</key>
				<string>dwarf-with-dsym</string>
				<key>ENABLE_NS_ASSERTIONS</key>
				<string>NO</string>
				<key>ENABLE_STRICT_OBJC_MSGSEND</key>
				<string>YES</string>
				<key>GCC_C_LANGUAGE_STANDARD</key>
				<string>gnu99</string>
				<key>GCC_NO_COMMON_BLOCKS</key>
				<string>YES</string>
				<key>GCC_WARN_64_TO_32_BIT_CONVERSION</key>
				<string>YES</string>
				<key>GCC_WARN_ABOUT_RETURN_TYPE</key>
				<string>YES_ERROR</string>
				<key>GCC_WARN_UNDECLARED_SELECTOR</key>
				<string>YES</string>
				<key>GCC_WARN_UNINITIALIZED_AUTOS</key>
				<string>YES_AGGRESSIVE</string>
				<key>GCC_WARN_UNUSED_FUNCTION</key>
				<string>YES</string>
				<key>GCC_WARN_UNUSED_VARIABLE</key>
				<string>YES</string>
				<key>IPHONEOS_DEPLOYMENT_TARGET</key>
				<string>8.4</string>
				<key>MTL_ENABLE_DEBUG_INFO</key>
				<string>NO</string>
				<key>SDKROOT</key>
				<string>iphoneos</string>
				<key>VALIDATE_PRODUCT</key>
				<string>YES</string>
			</dict>
			<key>isa</key>
			<string>XCBuildConfiguration</string>
			<key>name</key>
			<string>Release</string>
		</dict>
		<key>90FC83BB1BA387040036B15D</key>
		<dict>
			<key>buildConfigurations</key>
			<array>
				<string>90FC83BC1BA387040036B15D</string>
				<string>90FC83BD1BA387040036B15D</string>
			</array>
			<key>defaultConfigurationIsVisible</key>
			<string>0</string>
			<key>defaultConfigurationName</key>
			<string>Release</string>
			<key>isa</key>
			<string>XCConfigurationList</string>
		</dict>
		<key>90FC83BC1BA387040036B15D</key>
		<dict>
			<key>baseConfigurationReference</key>
			<string>A78399CEA75BF90D7B3A44DA</string>
			<key>buildSettings</key>
			<dict>
				<key>ASSETCATALOG_COMPILER_APPICON_NAME</key>
				<string>AppIcon</string>
				<key>DEVELOPMENT_TEAM</key>
				<string>GB34WCGQZD</string>
				<key>INFOPLIST_FILE</key>
				<string>SpinCall/Info.plist</string>
				<key>LD_RUNPATH_SEARCH_PATHS</key>
				<string>$(inherited) @executable_path/Frameworks</string>
				<key>PRODUCT_NAME</key>
				<string>$(TARGET_NAME)</string>
			</dict>
			<key>isa</key>
			<string>XCBuildConfiguration</string>
			<key>name</key>
			<string>Debug</string>
		</dict>
		<key>90FC83BD1BA387040036B15D</key>
		<dict>
			<key>baseConfigurationReference</key>
			<string>148A6B4C194705A6C9CF5125</string>
			<key>buildSettings</key>
			<dict>
				<key>ASSETCATALOG_COMPILER_APPICON_NAME</key>
				<string>AppIcon</string>
				<key>DEVELOPMENT_TEAM</key>
				<string>GB34WCGQZD</string>
				<key>INFOPLIST_FILE</key>
				<string>SpinCall/Info.plist</string>
				<key>LD_RUNPATH_SEARCH_PATHS</key>
				<string>$(inherited) @executable_path/Frameworks</string>
				<key>PRODUCT_NAME</key>
				<string>$(TARGET_NAME)</string>
			</dict>
			<key>isa</key>
			<string>XCBuildConfiguration</string>
			<key>name</key>
			<string>Release</string>
		</dict>
		<key>90FC83BE1BA387040036B15D</key>
		<dict>
			<key>buildConfigurations</key>
			<array>
				<string>90FC83BF1BA387040036B15D</string>
				<string>90FC83C01BA387040036B15D</string>
			</array>
			<key>defaultConfigurationIsVisible</key>
			<string>0</string>
			<key>defaultConfigurationName</key>
			<string>Release</string>
			<key>isa</key>
			<string>XCConfigurationList</string>
		</dict>
		<key>90FC83BF1BA387040036B15D</key>
		<dict>
			<key>buildSettings</key>
			<dict>
				<key>BUNDLE_LOADER</key>
				<string>$(TEST_HOST)</string>
				<key>FRAMEWORK_SEARCH_PATHS</key>
				<array>
					<string>$(SDKROOT)/Developer/Library/Frameworks</string>
					<string>$(inherited)</string>
				</array>
				<key>GCC_PREPROCESSOR_DEFINITIONS</key>
				<array>
					<string>DEBUG=1</string>
					<string>$(inherited)</string>
				</array>
				<key>INFOPLIST_FILE</key>
				<string>SpinCallTests/Info.plist</string>
				<key>LD_RUNPATH_SEARCH_PATHS</key>
				<string>$(inherited) @executable_path/Frameworks @loader_path/Frameworks</string>
				<key>PRODUCT_NAME</key>
				<string>$(TARGET_NAME)</string>
				<key>TEST_HOST</key>
				<string>$(BUILT_PRODUCTS_DIR)/SpinCall.app/SpinCall</string>
			</dict>
			<key>isa</key>
			<string>XCBuildConfiguration</string>
			<key>name</key>
			<string>Debug</string>
		</dict>
		<key>90FC83C01BA387040036B15D</key>
		<dict>
			<key>buildSettings</key>
			<dict>
				<key>BUNDLE_LOADER</key>
				<string>$(TEST_HOST)</string>
				<key>FRAMEWORK_SEARCH_PATHS</key>
				<array>
					<string>$(SDKROOT)/Developer/Library/Frameworks</string>
					<string>$(inherited)</string>
				</array>
				<key>INFOPLIST_FILE</key>
				<string>SpinCallTests/Info.plist</string>
				<key>LD_RUNPATH_SEARCH_PATHS</key>
				<string>$(inherited) @executable_path/Frameworks @loader_path/Frameworks</string>
				<key>PRODUCT_NAME</key>
				<string>$(TARGET_NAME)</string>
				<key>TEST_HOST</key>
				<string>$(BUILT_PRODUCTS_DIR)/SpinCall.app/SpinCall</string>
			</dict>
			<key>isa</key>
			<string>XCBuildConfiguration</string>
			<key>name</key>
			<string>Release</string>
		</dict>
		<key>93117F99002947113BA85FC9</key>
		<dict>
			<key>explicitFileType</key>
			<string>archive.ar</string>
			<key>includeInIndex</key>
			<string>0</string>
			<key>isa</key>
			<string>PBXFileReference</string>
			<key>path</key>
			<string>libPods-SpinCall.a</string>
			<key>sourceTree</key>
			<string>BUILT_PRODUCTS_DIR</string>
		</dict>
		<key>A78399CEA75BF90D7B3A44DA</key>
		<dict>
			<key>includeInIndex</key>
			<string>1</string>
			<key>isa</key>
			<string>PBXFileReference</string>
			<key>lastKnownFileType</key>
			<string>text.xcconfig</string>
			<key>name</key>
			<string>Pods-SpinCall.debug.xcconfig</string>
			<key>path</key>
			<string>Pods/Target Support Files/Pods-SpinCall/Pods-SpinCall.debug.xcconfig</string>
			<key>sourceTree</key>
			<string>&lt;group&gt;</string>
		</dict>
		<key>FCC7F98ED1298F4BFD6A0286</key>
		<dict>
			<key>children</key>
			<array>
				<string>902AB0981BAF45C100D35795</string>
				<string>902AB0961BAF45BC00D35795</string>
				<string>902AB0941BAF45AF00D35795</string>
				<string>902AB0921BAF45A900D35795</string>
				<string>93117F99002947113BA85FC9</string>
			</array>
			<key>isa</key>
			<string>PBXGroup</string>
			<key>name</key>
			<string>Frameworks</string>
			<key>sourceTree</key>
			<string>&lt;group&gt;</string>
		</dict>
	</dict>
	<key>rootObject</key>
	<string>90FC83901BA387040036B15D</string>
</dict>
</plist>
